
Microsoft Visual Studio Solution File, Format Version 12.00
# Visual Studio Version 17
VisualStudioVersion = 17.13.35931.197 d17.13
MinimumVisualStudioVersion = 10.0.40219.1
Project("{FAE04EC0-301F-11D3-BF4B-00C04F79EFBC}") = "PruebaIntegracionVS", "PruebaIntegracionVS\PruebaIntegracionVS.csproj", "{975ACB20-6C60-4BE7-B860-CCBA5B5DB624}"
EndProject
Global
	GlobalSection(SolutionConfigurationPlatforms) = preSolution
		Debug|Any CPU = Debug|Any CPU
		Release|Any CPU = Release|Any CPU
	EndGlobalSection
	GlobalSection(ProjectConfigurationPlatforms) = postSolution
		{975ACB20-6C60-4BE7-B860-CCBA5B5DB624}.Debug|Any CPU.ActiveCfg = Debug|Any CPU
		{975ACB20-6C60-4BE7-B860-CCBA5B5DB624}.Debug|Any CPU.Build.0 = Debug|Any CPU
		{975ACB20-6C60-4BE7-B860-CCBA5B5DB624}.Release|Any CPU.ActiveCfg = Release|Any CPU
		{975ACB20-6C60-4BE7-B860-CCBA5B5DB624}.Release|Any CPU.Build.0 = Release|Any CPU
	EndGlobalSection
	GlobalSection(SolutionProperties) = preSolution
		HideSolutionNode = FALSE
	EndGlobalSection
	GlobalSection(ExtensibilityGlobals) = postSolution
		SolutionGuid = {6CCCBA97-C0E0-4173-BDC4-2AD7B7F7CDBA}
	EndGlobalSection
EndGlobal
